
Microsoft Visual Studio Solution File, Format Version 12.00
# Visual Studio Version 17
VisualStudioVersion = 17.1.32421.90
MinimumVisualStudioVersion = 10.0.40219.1
Project("{FAE04EC0-301F-11D3-BF4B-00C04F79EFBC}") = "UnmuteActive", "UnmuteActive.csproj", "{38876F02-AEBE-4AB8-9BA9-01AC64CF5B62}"
EndProject
Global
	GlobalSection(SolutionConfigurationPlatforms) = preSolution
		Debug|Any CPU = Debug|Any CPU
		Release|Any CPU = Release|Any CPU
	EndGlobalSection
	GlobalSection(ProjectConfigurationPlatforms) = postSolution
		{38876F02-AEBE-4AB8-9BA9-01AC64CF5B62}.Debug|Any CPU.ActiveCfg = Debug|Any CPU
		{38876F02-AEBE-4AB8-9BA9-01AC64CF5B62}.Debug|Any CPU.Build.0 = Debug|Any CPU
		{38876F02-AEBE-4AB8-9BA9-01AC64CF5B62}.Release|Any CPU.ActiveCfg = Release|Any CPU
		{38876F02-AEBE-4AB8-9BA9-01AC64CF5B62}.Release|Any CPU.Build.0 = Release|Any CPU
	EndGlobalSection
	GlobalSection(SolutionProperties) = preSolution
		HideSolutionNode = FALSE
	EndGlobalSection
	GlobalSection(ExtensibilityGlobals) = postSolution
		SolutionGuid = {76FCE1D9-E385-4909-867E-534CD17482C3}
	EndGlobalSection
EndGlobal
